
Microsoft Visual Studio Solution File, Format Version 12.00
# Visual Studio Version 17
VisualStudioVersion = 17.2.32630.192
MinimumVisualStudioVersion = 10.0.40219.1
Project("{9A19103F-16F7-4668-BE54-9A1E7A4F7556}") = "Parcial2_Oly", "Parcial2_Oly.csproj", "{128D8FD0-D02D-46CD-8425-571567091AD0}"
EndProject
Global
	GlobalSection(SolutionConfigurationPlatforms) = preSolution
		Debug|Any CPU = Debug|Any CPU
		Release|Any CPU = Release|Any CPU
	EndGlobalSection
	GlobalSection(ProjectConfigurationPlatforms) = postSolution
		{128D8FD0-D02D-46CD-8425-571567091AD0}.Debug|Any CPU.ActiveCfg = Debug|Any CPU
		{128D8FD0-D02D-46CD-8425-571567091AD0}.Debug|Any CPU.Build.0 = Debug|Any CPU
		{128D8FD0-D02D-46CD-8425-571567091AD0}.Release|Any CPU.ActiveCfg = Release|Any CPU
		{128D8FD0-D02D-46CD-8425-571567091AD0}.Release|Any CPU.Build.0 = Release|Any CPU
	EndGlobalSection
	GlobalSection(SolutionProperties) = preSolution
		HideSolutionNode = FALSE
	EndGlobalSection
	GlobalSection(ExtensibilityGlobals) = postSolution
		SolutionGuid = {38358BE6-FECD-4948-9952-B741B8F62877}
	EndGlobalSection
EndGlobal
